// !$*UTF8*$!
{
	archiveVersion = 1;
	classes = {
	};
	objectVersion = 46;
	objects = {

/* Begin PBXAggregateTarget section */
		424419CB15859767009863BE /* ocr-all */ = {
			isa = PBXAggregateTarget;
			buildConfigurationList = 424419CC15859767009863BE /* Build configuration list for PBXAggregateTarget "ocr-all" */;
			buildPhases = (
			);
			dependencies = (
				424419D015859770009863BE /* PBXTargetDependency */,
				424419D215859770009863BE /* PBXTargetDependency */,
				424419D415859770009863BE /* PBXTargetDependency */,
			);
			name = "ocr-all";
			productName = all;
		};
/* End PBXAggregateTarget section */

/* Begin PBXBuildFile section */
		4244199C1585961A009863BE /* libboost_iostreams.dylib in Frameworks */ = {isa = PBXBuildFile; fileRef = 424419951585961A009863BE /* libboost_iostreams.dylib */; };
		4244199D1585961A009863BE /* libboost_program_options.dylib in Frameworks */ = {isa = PBXBuildFile; fileRef = 424419961585961A009863BE /* libboost_program_options.dylib */; };
		4244199E1585961A009863BE /* libboost_regex.dylib in Frameworks */ = {isa = PBXBuildFile; fileRef = 424419971585961A009863BE /* libboost_regex.dylib */; };
		4244199F1585961A009863BE /* libboost_serialization.dylib in Frameworks */ = {isa = PBXBuildFile; fileRef = 424419981585961A009863BE /* libboost_serialization.dylib */; };
		424419A01585961A009863BE /* libboost_signals.dylib in Frameworks */ = {isa = PBXBuildFile; fileRef = 424419991585961A009863BE /* libboost_signals.dylib */; };
		424419AA158596AE009863BE /* libboost_iostreams.dylib in Frameworks */ = {isa = PBXBuildFile; fileRef = 424419951585961A009863BE /* libboost_iostreams.dylib */; };
		424419AB158596AE009863BE /* libboost_program_options.dylib in Frameworks */ = {isa = PBXBuildFile; fileRef = 424419961585961A009863BE /* libboost_program_options.dylib */; };
		424419AC158596AE009863BE /* libboost_regex.dylib in Frameworks */ = {isa = PBXBuildFile; fileRef = 424419971585961A009863BE /* libboost_regex.dylib */; };
		424419AD158596AE009863BE /* libboost_serialization.dylib in Frameworks */ = {isa = PBXBuildFile; fileRef = 424419981585961A009863BE /* libboost_serialization.dylib */; };
		424419AE158596AE009863BE /* libboost_signals.dylib in Frameworks */ = {isa = PBXBuildFile; fileRef = 424419991585961A009863BE /* libboost_signals.dylib */; };
		424419BC158596B6009863BE /* libboost_iostreams.dylib in Frameworks */ = {isa = PBXBuildFile; fileRef = 424419951585961A009863BE /* libboost_iostreams.dylib */; };
		424419BD158596B6009863BE /* libboost_program_options.dylib in Frameworks */ = {isa = PBXBuildFile; fileRef = 424419961585961A009863BE /* libboost_program_options.dylib */; };
		424419BE158596B6009863BE /* libboost_regex.dylib in Frameworks */ = {isa = PBXBuildFile; fileRef = 424419971585961A009863BE /* libboost_regex.dylib */; };
		424419BF158596B6009863BE /* libboost_serialization.dylib in Frameworks */ = {isa = PBXBuildFile; fileRef = 424419981585961A009863BE /* libboost_serialization.dylib */; };
		424419C0158596B6009863BE /* libboost_signals.dylib in Frameworks */ = {isa = PBXBuildFile; fileRef = 424419991585961A009863BE /* libboost_signals.dylib */; };
		42441A08158613F5009863BE /* ocr_game.cpp in Sources */ = {isa = PBXBuildFile; fileRef = 42441A02158613F5009863BE /* ocr_game.cpp */; };
		42441A09158613F5009863BE /* ocr_game.cpp in Sources */ = {isa = PBXBuildFile; fileRef = 42441A02158613F5009863BE /* ocr_game.cpp */; };
		42441A0A158613F5009863BE /* ocr_game.cpp in Sources */ = {isa = PBXBuildFile; fileRef = 42441A02158613F5009863BE /* ocr_game.cpp */; };
		42441A0C158613F5009863BE /* ocr_multi.cpp in Sources */ = {isa = PBXBuildFile; fileRef = 42441A04158613F5009863BE /* ocr_multi.cpp */; };
		42441A10158613F5009863BE /* ocr_novelty.cpp in Sources */ = {isa = PBXBuildFile; fileRef = 42441A05158613F5009863BE /* ocr_novelty.cpp */; };
		42441A11158613F5009863BE /* ocr_single.cpp in Sources */ = {isa = PBXBuildFile; fileRef = 42441A06158613F5009863BE /* ocr_single.cpp */; };
		42441A42158614E0009863BE /* libea.a in Frameworks */ = {isa = PBXBuildFile; fileRef = 42441A3715861482009863BE /* libea.a */; };
		42441A43158614E0009863BE /* libfn.a in Frameworks */ = {isa = PBXBuildFile; fileRef = 42441A3915861482009863BE /* libfn.a */; };
		42441A83158616DB009863BE /* libea.a in Frameworks */ = {isa = PBXBuildFile; fileRef = 42441A3715861482009863BE /* libea.a */; };
		42441A84158616DB009863BE /* libfn.a in Frameworks */ = {isa = PBXBuildFile; fileRef = 42441A3915861482009863BE /* libfn.a */; };
		42441A85158616E2009863BE /* libea.a in Frameworks */ = {isa = PBXBuildFile; fileRef = 42441A3715861482009863BE /* libea.a */; };
		42441A86158616E2009863BE /* libfn.a in Frameworks */ = {isa = PBXBuildFile; fileRef = 42441A3915861482009863BE /* libfn.a */; };
/* End PBXBuildFile section */

/* Begin PBXContainerItemProxy section */
		424419CF15859770009863BE /* PBXContainerItemProxy */ = {
			isa = PBXContainerItemProxy;
			containerPortal = 4244196715859482009863BE /* Project object */;
			proxyType = 1;
			remoteGlobalIDString = 42441989158595BB009863BE;
			remoteInfo = "ocr-single";
		};
		424419D115859770009863BE /* PBXContainerItemProxy */ = {
			isa = PBXContainerItemProxy;
			containerPortal = 4244196715859482009863BE /* Project object */;
			proxyType = 1;
			remoteGlobalIDString = 424419A5158596AE009863BE;
			remoteInfo = "ocr-multi";
		};
		424419D315859770009863BE /* PBXContainerItemProxy */ = {
			isa = PBXContainerItemProxy;
			containerPortal = 4244196715859482009863BE /* Project object */;
			proxyType = 1;
			remoteGlobalIDString = 424419B7158596B6009863BE;
			remoteInfo = "ocr-novelty";
		};
		42441A3615861482009863BE /* PBXContainerItemProxy */ = {
			isa = PBXContainerItemProxy;
			containerPortal = 42441A2A15861482009863BE /* ealib.xcodeproj */;
			proxyType = 2;
			remoteGlobalIDString = 423CBD9F157D0E0B0003A644;
			remoteInfo = ea;
		};
		42441A3815861482009863BE /* PBXContainerItemProxy */ = {
			isa = PBXContainerItemProxy;
			containerPortal = 42441A2A15861482009863BE /* ealib.xcodeproj */;
			proxyType = 2;
			remoteGlobalIDString = 423CBDA7157D0E2B0003A644;
			remoteInfo = fn;
		};
		42441A3A15861482009863BE /* PBXContainerItemProxy */ = {
			isa = PBXContainerItemProxy;
			containerPortal = 42441A2A15861482009863BE /* ealib.xcodeproj */;
			proxyType = 2;
			remoteGlobalIDString = 423CBE57157D0FCC0003A644;
			remoteInfo = libea_test;
		};
		42441A3C15861482009863BE /* PBXContainerItemProxy */ = {
			isa = PBXContainerItemProxy;
			containerPortal = 42441A2A15861482009863BE /* ealib.xcodeproj */;
			proxyType = 2;
			remoteGlobalIDString = 420EB2F1157D11540060CAB2;
			remoteInfo = libfn_test;
		};
		42441AA315861904009863BE /* PBXContainerItemProxy */ = {
			isa = PBXContainerItemProxy;
			containerPortal = 42441A2A15861482009863BE /* ealib.xcodeproj */;
			proxyType = 1;
			remoteGlobalIDString = 423CBD9E157D0E0B0003A644;
			remoteInfo = ea;
		};
		42441AA515861904009863BE /* PBXContainerItemProxy */ = {
			isa = PBXContainerItemProxy;
			containerPortal = 42441A2A15861482009863BE /* ealib.xcodeproj */;
			proxyType = 1;
			remoteGlobalIDString = 423CBDA6157D0E2B0003A644;
			remoteInfo = fn;
		};
		42441AA71586190C009863BE /* PBXContainerItemProxy */ = {
			isa = PBXContainerItemProxy;
			containerPortal = 42441A2A15861482009863BE /* ealib.xcodeproj */;
			proxyType = 1;
			remoteGlobalIDString = 423CBD9E157D0E0B0003A644;
			remoteInfo = ea;
		};
		42441AA91586190C009863BE /* PBXContainerItemProxy */ = {
			isa = PBXContainerItemProxy;
			containerPortal = 42441A2A15861482009863BE /* ealib.xcodeproj */;
			proxyType = 1;
			remoteGlobalIDString = 423CBDA6157D0E2B0003A644;
			remoteInfo = fn;
		};
		42441AAB15861911009863BE /* PBXContainerItemProxy */ = {
			isa = PBXContainerItemProxy;
			containerPortal = 42441A2A15861482009863BE /* ealib.xcodeproj */;
			proxyType = 1;
			remoteGlobalIDString = 423CBD9E157D0E0B0003A644;
			remoteInfo = ea;
		};
		42441AAD15861911009863BE /* PBXContainerItemProxy */ = {
			isa = PBXContainerItemProxy;
			containerPortal = 42441A2A15861482009863BE /* ealib.xcodeproj */;
			proxyType = 1;
			remoteGlobalIDString = 423CBDA6157D0E2B0003A644;
			remoteInfo = fn;
		};
/* End PBXContainerItemProxy section */

/* Begin PBXCopyFilesBuildPhase section */
		42441988158595BB009863BE /* CopyFiles */ = {
			isa = PBXCopyFilesBuildPhase;
			buildActionMask = 2147483647;
			dstPath = /usr/share/man/man1/;
			dstSubfolderSpec = 0;
			files = (
			);
			runOnlyForDeploymentPostprocessing = 1;
		};
		424419B1158596AE009863BE /* CopyFiles */ = {
			isa = PBXCopyFilesBuildPhase;
			buildActionMask = 2147483647;
			dstPath = /usr/share/man/man1/;
			dstSubfolderSpec = 0;
			files = (
			);
			runOnlyForDeploymentPostprocessing = 1;
		};
		424419C3158596B6009863BE /* CopyFiles */ = {
			isa = PBXCopyFilesBuildPhase;
			buildActionMask = 2147483647;
			dstPath = /usr/share/man/man1/;
			dstSubfolderSpec = 0;
			files = (
			);
			runOnlyForDeploymentPostprocessing = 1;
		};
/* End PBXCopyFilesBuildPhase section */

/* Begin PBXFileReference section */
		4244198A158595BB009863BE /* ocr-single */ = {isa = PBXFileReference; explicitFileType = "compiled.mach-o.executable"; includeInIndex = 0; path = "ocr-single"; sourceTree = BUILT_PRODUCTS_DIR; };
		424419951585961A009863BE /* libboost_iostreams.dylib */ = {isa = PBXFileReference; lastKnownFileType = "compiled.mach-o.dylib"; name = libboost_iostreams.dylib; path = /usr/local/lib/libboost_iostreams.dylib; sourceTree = "<absolute>"; };
		424419961585961A009863BE /* libboost_program_options.dylib */ = {isa = PBXFileReference; lastKnownFileType = "compiled.mach-o.dylib"; name = libboost_program_options.dylib; path = /usr/local/lib/libboost_program_options.dylib; sourceTree = "<absolute>"; };
		424419971585961A009863BE /* libboost_regex.dylib */ = {isa = PBXFileReference; lastKnownFileType = "compiled.mach-o.dylib"; name = libboost_regex.dylib; path = /usr/local/lib/libboost_regex.dylib; sourceTree = "<absolute>"; };
		424419981585961A009863BE /* libboost_serialization.dylib */ = {isa = PBXFileReference; lastKnownFileType = "compiled.mach-o.dylib"; name = libboost_serialization.dylib; path = /usr/local/lib/libboost_serialization.dylib; sourceTree = "<absolute>"; };
		424419991585961A009863BE /* libboost_signals.dylib */ = {isa = PBXFileReference; lastKnownFileType = "compiled.mach-o.dylib"; name = libboost_signals.dylib; path = /usr/local/lib/libboost_signals.dylib; sourceTree = "<absolute>"; };
		424419B5158596AE009863BE /* ocr-multi */ = {isa = PBXFileReference; explicitFileType = "compiled.mach-o.executable"; includeInIndex = 0; path = "ocr-multi"; sourceTree = BUILT_PRODUCTS_DIR; };
		424419C7158596B6009863BE /* ocr-novelty */ = {isa = PBXFileReference; explicitFileType = "compiled.mach-o.executable"; includeInIndex = 0; path = "ocr-novelty"; sourceTree = BUILT_PRODUCTS_DIR; };
		42441A02158613F5009863BE /* ocr_game.cpp */ = {isa = PBXFileReference; fileEncoding = 4; lastKnownFileType = sourcecode.cpp.cpp; path = ocr_game.cpp; sourceTree = "<group>"; };
		42441A03158613F5009863BE /* ocr_game.h */ = {isa = PBXFileReference; fileEncoding = 4; lastKnownFileType = sourcecode.c.h; path = ocr_game.h; sourceTree = "<group>"; };
		42441A04158613F5009863BE /* ocr_multi.cpp */ = {isa = PBXFileReference; fileEncoding = 4; lastKnownFileType = sourcecode.cpp.cpp; path = ocr_multi.cpp; sourceTree = "<group>"; };
		42441A05158613F5009863BE /* ocr_novelty.cpp */ = {isa = PBXFileReference; fileEncoding = 4; lastKnownFileType = sourcecode.cpp.cpp; path = ocr_novelty.cpp; sourceTree = "<group>"; };
		42441A06158613F5009863BE /* ocr_single.cpp */ = {isa = PBXFileReference; fileEncoding = 4; lastKnownFileType = sourcecode.cpp.cpp; path = ocr_single.cpp; sourceTree = "<group>"; };
		42441A07158613F5009863BE /* ocr_statistics.h */ = {isa = PBXFileReference; fileEncoding = 4; lastKnownFileType = sourcecode.c.h; path = ocr_statistics.h; sourceTree = "<group>"; };
		42441A2A15861482009863BE /* ealib.xcodeproj */ = {isa = PBXFileReference; lastKnownFileType = "wrapper.pb-project"; name = ealib.xcodeproj; path = ealib/ealib.xcodeproj; sourceTree = "<group>"; };
		42441A791586165D009863BE /* Jamfile */ = {isa = PBXFileReference; lastKnownFileType = sourcecode.jam; path = Jamfile; sourceTree = "<group>"; };
		42441A7B15861669009863BE /* libea_defaults.cfg */ = {isa = PBXFileReference; lastKnownFileType = text; path = libea_defaults.cfg; sourceTree = "<group>"; };
		42441A7C15861669009863BE /* ocr.xcconfig */ = {isa = PBXFileReference; lastKnownFileType = text.xcconfig; path = ocr.xcconfig; sourceTree = "<group>"; };
/* End PBXFileReference section */

/* Begin PBXFrameworksBuildPhase section */
		42441987158595BB009863BE /* Frameworks */ = {
			isa = PBXFrameworksBuildPhase;
			buildActionMask = 2147483647;
			files = (
				42441A85158616E2009863BE /* libea.a in Frameworks */,
				42441A86158616E2009863BE /* libfn.a in Frameworks */,
				4244199C1585961A009863BE /* libboost_iostreams.dylib in Frameworks */,
				4244199D1585961A009863BE /* libboost_program_options.dylib in Frameworks */,
				4244199E1585961A009863BE /* libboost_regex.dylib in Frameworks */,
				4244199F1585961A009863BE /* libboost_serialization.dylib in Frameworks */,
				424419A01585961A009863BE /* libboost_signals.dylib in Frameworks */,
			);
			runOnlyForDeploymentPostprocessing = 0;
		};
		424419A9158596AE009863BE /* Frameworks */ = {
			isa = PBXFrameworksBuildPhase;
			buildActionMask = 2147483647;
			files = (
				42441A83158616DB009863BE /* libea.a in Frameworks */,
				42441A84158616DB009863BE /* libfn.a in Frameworks */,
				424419AA158596AE009863BE /* libboost_iostreams.dylib in Frameworks */,
				424419AB158596AE009863BE /* libboost_program_options.dylib in Frameworks */,
				424419AC158596AE009863BE /* libboost_regex.dylib in Frameworks */,
				424419AD158596AE009863BE /* libboost_serialization.dylib in Frameworks */,
				424419AE158596AE009863BE /* libboost_signals.dylib in Frameworks */,
			);
			runOnlyForDeploymentPostprocessing = 0;
		};
		424419BB158596B6009863BE /* Frameworks */ = {
			isa = PBXFrameworksBuildPhase;
			buildActionMask = 2147483647;
			files = (
				42441A42158614E0009863BE /* libea.a in Frameworks */,
				42441A43158614E0009863BE /* libfn.a in Frameworks */,
				424419BC158596B6009863BE /* libboost_iostreams.dylib in Frameworks */,
				424419BD158596B6009863BE /* libboost_program_options.dylib in Frameworks */,
				424419BE158596B6009863BE /* libboost_regex.dylib in Frameworks */,
				424419BF158596B6009863BE /* libboost_serialization.dylib in Frameworks */,
				424419C0158596B6009863BE /* libboost_signals.dylib in Frameworks */,
			);
			runOnlyForDeploymentPostprocessing = 0;
		};
/* End PBXFrameworksBuildPhase section */

/* Begin PBXGroup section */
		4244196515859482009863BE = {
			isa = PBXGroup;
			children = (
				42441A2A15861482009863BE /* ealib.xcodeproj */,
				42441A791586165D009863BE /* Jamfile */,
				42441A7A15861669009863BE /* etc */,
				424419941585961A009863BE /* lib */,
				42441A01158613F5009863BE /* src */,
				4244197115859482009863BE /* Products */,
			);
			sourceTree = "<group>";
		};
		4244197115859482009863BE /* Products */ = {
			isa = PBXGroup;
			children = (
				4244198A158595BB009863BE /* ocr-single */,
				424419B5158596AE009863BE /* ocr-multi */,
				424419C7158596B6009863BE /* ocr-novelty */,
			);
			name = Products;
			sourceTree = "<group>";
		};
		424419941585961A009863BE /* lib */ = {
			isa = PBXGroup;
			children = (
				424419951585961A009863BE /* libboost_iostreams.dylib */,
				424419961585961A009863BE /* libboost_program_options.dylib */,
				424419971585961A009863BE /* libboost_regex.dylib */,
				424419981585961A009863BE /* libboost_serialization.dylib */,
				424419991585961A009863BE /* libboost_signals.dylib */,
			);
			name = lib;
			path = ../apps;
			sourceTree = "<group>";
		};
		42441A01158613F5009863BE /* src */ = {
			isa = PBXGroup;
			children = (
				42441A02158613F5009863BE /* ocr_game.cpp */,
				42441A03158613F5009863BE /* ocr_game.h */,
				42441A04158613F5009863BE /* ocr_multi.cpp */,
				42441A05158613F5009863BE /* ocr_novelty.cpp */,
				42441A06158613F5009863BE /* ocr_single.cpp */,
				42441A07158613F5009863BE /* ocr_statistics.h */,
			);
			path = src;
			sourceTree = "<group>";
		};
		42441A2B15861482009863BE /* Products */ = {
			isa = PBXGroup;
			children = (
				42441A3715861482009863BE /* libea.a */,
				42441A3915861482009863BE /* libfn.a */,
				42441A3B15861482009863BE /* libea_test */,
				42441A3D15861482009863BE /* libfn_test */,
			);
			name = Products;
			sourceTree = "<group>";
		};
		42441A7A15861669009863BE /* etc */ = {
			isa = PBXGroup;
			children = (
				42441A7B15861669009863BE /* libea_defaults.cfg */,
				42441A7C15861669009863BE /* ocr.xcconfig */,
			);
			path = etc;
			sourceTree = "<group>";
		};
/* End PBXGroup section */

/* Begin PBXNativeTarget section */
		42441989158595BB009863BE /* ocr-single */ = {
			isa = PBXNativeTarget;
			buildConfigurationList = 42441991158595BB009863BE /* Build configuration list for PBXNativeTarget "ocr-single" */;
			buildPhases = (
				42441986158595BB009863BE /* Sources */,
				42441987158595BB009863BE /* Frameworks */,
				42441988158595BB009863BE /* CopyFiles */,
			);
			buildRules = (
			);
			dependencies = (
				42441AA415861904009863BE /* PBXTargetDependency */,
				42441AA615861904009863BE /* PBXTargetDependency */,
			);
			name = "ocr-single";
			productName = "ocr-single";
			productReference = 4244198A158595BB009863BE /* ocr-single */;
			productType = "com.apple.product-type.tool";
		};
		424419A5158596AE009863BE /* ocr-multi */ = {
			isa = PBXNativeTarget;
			buildConfigurationList = 424419B2158596AE009863BE /* Build configuration list for PBXNativeTarget "ocr-multi" */;
			buildPhases = (
				424419A6158596AE009863BE /* Sources */,
				424419A9158596AE009863BE /* Frameworks */,
				424419B1158596AE009863BE /* CopyFiles */,
			);
			buildRules = (
			);
			dependencies = (
				42441AA81586190C009863BE /* PBXTargetDependency */,
				42441AAA1586190C009863BE /* PBXTargetDependency */,
			);
			name = "ocr-multi";
			productName = "ocr-single";
			productReference = 424419B5158596AE009863BE /* ocr-multi */;
			productType = "com.apple.product-type.tool";
		};
		424419B7158596B6009863BE /* ocr-novelty */ = {
			isa = PBXNativeTarget;
			buildConfigurationList = 424419C4158596B6009863BE /* Build configuration list for PBXNativeTarget "ocr-novelty" */;
			buildPhases = (
				424419B8158596B6009863BE /* Sources */,
				424419BB158596B6009863BE /* Frameworks */,
				424419C3158596B6009863BE /* CopyFiles */,
			);
			buildRules = (
			);
			dependencies = (
				42441AAC15861911009863BE /* PBXTargetDependency */,
				42441AAE15861911009863BE /* PBXTargetDependency */,
			);
			name = "ocr-novelty";
			productName = "ocr-single";
			productReference = 424419C7158596B6009863BE /* ocr-novelty */;
			productType = "com.apple.product-type.tool";
		};
/* End PBXNativeTarget section */

/* Begin PBXProject section */
		4244196715859482009863BE /* Project object */ = {
			isa = PBXProject;
			attributes = {
				ORGANIZATIONNAME = "Michigan State University";
			};
			buildConfigurationList = 4244196A15859482009863BE /* Build configuration list for PBXProject "ocr" */;
			compatibilityVersion = "Xcode 3.2";
			developmentRegion = English;
			hasScannedForEncodings = 0;
			knownRegions = (
				en,
			);
			mainGroup = 4244196515859482009863BE;
			productRefGroup = 4244197115859482009863BE /* Products */;
			projectDirPath = "";
			projectReferences = (
				{
					ProductGroup = 42441A2B15861482009863BE /* Products */;
					ProjectRef = 42441A2A15861482009863BE /* ealib.xcodeproj */;
				},
			);
			projectRoot = "";
			targets = (
				42441989158595BB009863BE /* ocr-single */,
				424419A5158596AE009863BE /* ocr-multi */,
				424419B7158596B6009863BE /* ocr-novelty */,
				424419CB15859767009863BE /* ocr-all */,
			);
		};
/* End PBXProject section */

/* Begin PBXReferenceProxy section */
		42441A3715861482009863BE /* libea.a */ = {
			isa = PBXReferenceProxy;
			fileType = archive.ar;
			path = libea.a;
			remoteRef = 42441A3615861482009863BE /* PBXContainerItemProxy */;
			sourceTree = BUILT_PRODUCTS_DIR;
		};
		42441A3915861482009863BE /* libfn.a */ = {
			isa = PBXReferenceProxy;
			fileType = archive.ar;
			path = libfn.a;
			remoteRef = 42441A3815861482009863BE /* PBXContainerItemProxy */;
			sourceTree = BUILT_PRODUCTS_DIR;
		};
		42441A3B15861482009863BE /* libea_test */ = {
			isa = PBXReferenceProxy;
			fileType = "compiled.mach-o.executable";
			path = libea_test;
			remoteRef = 42441A3A15861482009863BE /* PBXContainerItemProxy */;
			sourceTree = BUILT_PRODUCTS_DIR;
		};
		42441A3D15861482009863BE /* libfn_test */ = {
			isa = PBXReferenceProxy;
			fileType = "compiled.mach-o.executable";
			path = libfn_test;
			remoteRef = 42441A3C15861482009863BE /* PBXContainerItemProxy */;
			sourceTree = BUILT_PRODUCTS_DIR;
		};
/* End PBXReferenceProxy section */

/* Begin PBXSourcesBuildPhase section */
		42441986158595BB009863BE /* Sources */ = {
			isa = PBXSourcesBuildPhase;
			buildActionMask = 2147483647;
			files = (
				42441A08158613F5009863BE /* ocr_game.cpp in Sources */,
				42441A11158613F5009863BE /* ocr_single.cpp in Sources */,
			);
			runOnlyForDeploymentPostprocessing = 0;
		};
		424419A6158596AE009863BE /* Sources */ = {
			isa = PBXSourcesBuildPhase;
			buildActionMask = 2147483647;
			files = (
				42441A09158613F5009863BE /* ocr_game.cpp in Sources */,
				42441A0C158613F5009863BE /* ocr_multi.cpp in Sources */,
			);
			runOnlyForDeploymentPostprocessing = 0;
		};
		424419B8158596B6009863BE /* Sources */ = {
			isa = PBXSourcesBuildPhase;
			buildActionMask = 2147483647;
			files = (
				42441A0A158613F5009863BE /* ocr_game.cpp in Sources */,
				42441A10158613F5009863BE /* ocr_novelty.cpp in Sources */,
			);
			runOnlyForDeploymentPostprocessing = 0;
		};
/* End PBXSourcesBuildPhase section */

/* Begin PBXTargetDependency section */
		424419D015859770009863BE /* PBXTargetDependency */ = {
			isa = PBXTargetDependency;
			target = 42441989158595BB009863BE /* ocr-single */;
			targetProxy = 424419CF15859770009863BE /* PBXContainerItemProxy */;
		};
		424419D215859770009863BE /* PBXTargetDependency */ = {
			isa = PBXTargetDependency;
			target = 424419A5158596AE009863BE /* ocr-multi */;
			targetProxy = 424419D115859770009863BE /* PBXContainerItemProxy */;
		};
		424419D415859770009863BE /* PBXTargetDependency */ = {
			isa = PBXTargetDependency;
			target = 424419B7158596B6009863BE /* ocr-novelty */;
			targetProxy = 424419D315859770009863BE /* PBXContainerItemProxy */;
		};
		42441AA415861904009863BE /* PBXTargetDependency */ = {
			isa = PBXTargetDependency;
			name = ea;
			targetProxy = 42441AA315861904009863BE /* PBXContainerItemProxy */;
		};
		42441AA615861904009863BE /* PBXTargetDependency */ = {
			isa = PBXTargetDependency;
			name = fn;
			targetProxy = 42441AA515861904009863BE /* PBXContainerItemProxy */;
		};
		42441AA81586190C009863BE /* PBXTargetDependency */ = {
			isa = PBXTargetDependency;
			name = ea;
			targetProxy = 42441AA71586190C009863BE /* PBXContainerItemProxy */;
		};
		42441AAA1586190C009863BE /* PBXTargetDependency */ = {
			isa = PBXTargetDependency;
			name = fn;
			targetProxy = 42441AA91586190C009863BE /* PBXContainerItemProxy */;
		};
		42441AAC15861911009863BE /* PBXTargetDependency */ = {
			isa = PBXTargetDependency;
			name = ea;
			targetProxy = 42441AAB15861911009863BE /* PBXContainerItemProxy */;
		};
		42441AAE15861911009863BE /* PBXTargetDependency */ = {
			isa = PBXTargetDependency;
			name = fn;
			targetProxy = 42441AAD15861911009863BE /* PBXContainerItemProxy */;
		};
/* End PBXTargetDependency section */

/* Begin XCBuildConfiguration section */
		4244197815859482009863BE /* Debug */ = {
			isa = XCBuildConfiguration;
			baseConfigurationReference = 42441A7C15861669009863BE /* ocr.xcconfig */;
			buildSettings = {
				ALWAYS_SEARCH_USER_PATHS = NO;
				ARCHS = "$(ARCHS_STANDARD_64_BIT)";
				COPY_PHASE_STRIP = NO;
				GCC_C_LANGUAGE_STANDARD = gnu99;
				GCC_DYNAMIC_NO_PIC = NO;
				GCC_ENABLE_OBJC_EXCEPTIONS = YES;
				GCC_OPTIMIZATION_LEVEL = 0;
				GCC_PREPROCESSOR_DEFINITIONS = (
					"DEBUG=1",
					"$(inherited)",
				);
				GCC_SYMBOLS_PRIVATE_EXTERN = NO;
				GCC_VERSION = com.apple.compilers.llvm.clang.1_0;
				MACOSX_DEPLOYMENT_TARGET = 10.7;
				ONLY_ACTIVE_ARCH = YES;
				SDKROOT = macosx;
			};
			name = Debug;
		};
		4244197915859482009863BE /* Release */ = {
			isa = XCBuildConfiguration;
			baseConfigurationReference = 42441A7C15861669009863BE /* ocr.xcconfig */;
			buildSettings = {
				ALWAYS_SEARCH_USER_PATHS = NO;
				ARCHS = "$(ARCHS_STANDARD_64_BIT)";
				COPY_PHASE_STRIP = YES;
				DEBUG_INFORMATION_FORMAT = "dwarf-with-dsym";
				GCC_C_LANGUAGE_STANDARD = gnu99;
				GCC_ENABLE_OBJC_EXCEPTIONS = YES;
				GCC_VERSION = com.apple.compilers.llvm.clang.1_0;
				MACOSX_DEPLOYMENT_TARGET = 10.7;
				SDKROOT = macosx;
			};
			name = Release;
		};
		42441992158595BB009863BE /* Debug */ = {
			isa = XCBuildConfiguration;
			buildSettings = {
				LIBRARY_SEARCH_PATHS = (
					"$(inherited)",
					"\"$(SRCROOT)/../DerivedData/research/Build/Products/Debug\"",
				);
				PRODUCT_NAME = "$(TARGET_NAME)";
			};
			name = Debug;
		};
		42441993158595BB009863BE /* Release */ = {
			isa = XCBuildConfiguration;
			buildSettings = {
				LIBRARY_SEARCH_PATHS = (
					"$(inherited)",
					"\"$(SRCROOT)/../DerivedData/research/Build/Products/Debug\"",
				);
				PRODUCT_NAME = "$(TARGET_NAME)";
			};
			name = Release;
		};
		424419B3158596AE009863BE /* Debug */ = {
			isa = XCBuildConfiguration;
			buildSettings = {
				LIBRARY_SEARCH_PATHS = (
					"$(inherited)",
					"\"$(SRCROOT)/../DerivedData/research/Build/Products/Debug\"",
				);
				PRODUCT_NAME = "ocr-multi";
			};
			name = Debug;
		};
		424419B4158596AE009863BE /* Release */ = {
			isa = XCBuildConfiguration;
			buildSettings = {
				LIBRARY_SEARCH_PATHS = (
					"$(inherited)",
					"\"$(SRCROOT)/../DerivedData/research/Build/Products/Debug\"",
				);
				PRODUCT_NAME = "ocr-multi";
			};
			name = Release;
		};
		424419C5158596B6009863BE /* Debug */ = {
			isa = XCBuildConfiguration;
			buildSettings = {
				LIBRARY_SEARCH_PATHS = (
					"$(inherited)",
					"\"$(SRCROOT)/../DerivedData/research/Build/Products/Debug\"",
				);
				PRODUCT_NAME = "ocr-novelty";
			};
			name = Debug;
		};
		424419C6158596B6009863BE /* Release */ = {
			isa = XCBuildConfiguration;
			buildSettings = {
				LIBRARY_SEARCH_PATHS = (
					"$(inherited)",
					"\"$(SRCROOT)/../DerivedData/research/Build/Products/Debug\"",
				);
				PRODUCT_NAME = "ocr-novelty";
			};
			name = Release;
		};
		424419CD15859767009863BE /* Debug */ = {
			isa = XCBuildConfiguration;
			buildSettings = {
				PRODUCT_NAME = "$(TARGET_NAME)";
			};
			name = Debug;
		};
		424419CE15859767009863BE /* Release */ = {
			isa = XCBuildConfiguration;
			buildSettings = {
				PRODUCT_NAME = "$(TARGET_NAME)";
			};
			name = Release;
		};
/* End XCBuildConfiguration section */

/* Begin XCConfigurationList section */
		4244196A15859482009863BE /* Build configuration list for PBXProject "ocr" */ = {
			isa = XCConfigurationList;
			buildConfigurations = (
				4244197815859482009863BE /* Debug */,
				4244197915859482009863BE /* Release */,
			);
			defaultConfigurationIsVisible = 0;
			defaultConfigurationName = Release;
		};
		42441991158595BB009863BE /* Build configuration list for PBXNativeTarget "ocr-single" */ = {
			isa = XCConfigurationList;
			buildConfigurations = (
				42441992158595BB009863BE /* Debug */,
				42441993158595BB009863BE /* Release */,
			);
			defaultConfigurationIsVisible = 0;
			defaultConfigurationName = Release;
		};
		424419B2158596AE009863BE /* Build configuration list for PBXNativeTarget "ocr-multi" */ = {
			isa = XCConfigurationList;
			buildConfigurations = (
				424419B3158596AE009863BE /* Debug */,
				424419B4158596AE009863BE /* Release */,
			);
			defaultConfigurationIsVisible = 0;
			defaultConfigurationName = Release;
		};
		424419C4158596B6009863BE /* Build configuration list for PBXNativeTarget "ocr-novelty" */ = {
			isa = XCConfigurationList;
			buildConfigurations = (
				424419C5158596B6009863BE /* Debug */,
				424419C6158596B6009863BE /* Release */,
			);
			defaultConfigurationIsVisible = 0;
			defaultConfigurationName = Release;
		};
		424419CC15859767009863BE /* Build configuration list for PBXAggregateTarget "ocr-all" */ = {
			isa = XCConfigurationList;
			buildConfigurations = (
				424419CD15859767009863BE /* Debug */,
				424419CE15859767009863BE /* Release */,
			);
			defaultConfigurationIsVisible = 0;
			defaultConfigurationName = Release;
		};
/* End XCConfigurationList section */
	};
	rootObject = 4244196715859482009863BE /* Project object */;
}
